github.com/google/go-cmp v0.5.8 h1:e6P7q2lk1O+qJJb4BtCQXlK8vWEO8V1ZeuEdJNOqZyg=
github.com/google/go-cmp v0.5.8/go.mod h1:17dUlkBOakJ0+DkrSSNjCkIjxS6bF9zb3elmeNGIjoY=
github.com/hashicorp/go-envparse v0.0.0-20200406174449-d9cfd743a15e h1:v1d9+AJMP6i4p8BSKNU0InuvmIAdZjQLNN19V86AG4Q=
github.com/hashicorp/go-envparse v0.0.0-20200406174449-d9cfd743a15e/go.mod h1:/NlxCzN2D4C4L2uDE6ux/h6jM+n98VFQM14nnCIfHJU=
